<?xml version="1.0" encoding="utf-8"?>
<Project ToolsVersion="4.0" xmlns="http://schemas.microsoft.com/developer/msbuild/2003">
  <ItemGroup>
    <Filter Include="Source Files">
      <UniqueIdentifier>{4FC737F1-C7A5-4376-A066-2A32D752A2FF}</UniqueIdentifier>
      <Extensions>cpp;c;cc;cxx;c++;cppm;ixx;def;odl;idl;hpj;bat;asm;asmx</Extensions>
    </Filter>
    <Filter Include="Header Files">
      <UniqueIdentifier>{93995380-89BD-4b04-88EB-625FBE52EBFB}</UniqueIdentifier>
      <Extensions>h;hh;hpp;hxx;h++;hm;inl;inc;ipp;xsd</Extensions>
    </Filter>
    <Filter Include="Resource Files">
      <UniqueIdentifier>{67DA6AB6-F800-4c08-8B7A-83BB121AAD01}</UniqueIdentifier>
      <Extensions>rc;ico;cur;bmp;dlg;rc2;rct;bin;rgs;gif;jpg;jpeg;jpe;resx;tiff;tif;png;wav;mfcribbon-ms</Extensions>
    </Filter>
    <Filter Include="data">
      <UniqueIdentifier>{6edcf30b-8f6c-47db-b483-934422721649}</UniqueIdentifier>
    </Filter>
    <Filter Include="estructuras">
      <UniqueIdentifier>{cd05e445-5acc-467c-afdd-0796215591a1}</UniqueIdentifier>
    </Filter>
    <Filter Include="ordenamiento">
      <UniqueIdentifier>{57d3172d-df77-419e-b96e-630cbc36b295}</UniqueIdentifier>
    </Filter>
    <Filter Include="util">
      <UniqueIdentifier>{b9529750-ee3b-4a87-afae-f26457ea9dc0}</UniqueIdentifier>
    </Filter>
  </ItemGroup>
  <ItemGroup>
    <ResourceCompile Include="app.rc">
      <Filter>Resource Files</Filter>
    </ResourceCompile>
  </ItemGroup>
  <ItemGroup>
    <ClInclude Include="Resource.h">
      <Filter>Header Files</Filter>
    </ClInclude>
    <ClInclude Include="pch.h">
      <Filter>Header Files</Filter>
    </ClInclude>
    <ClInclude Include="Direccion.h">
      <Filter>Header Files</Filter>
    </ClInclude>
    <ClInclude Include="Usuario.h">
      <Filter>Header Files</Filter>
    </ClInclude>
    <ClInclude Include="Producto.h">
      <Filter>Header Files</Filter>
    </ClInclude>
    <ClInclude Include="Resena.h">
      <Filter>Header Files</Filter>
    </ClInclude>
    <ClInclude Include="Promocion.h">
      <Filter>Header Files</Filter>
    </ClInclude>
    <ClInclude Include="Categoria.h">
      <Filter>Header Files</Filter>
    </ClInclude>
    <ClInclude Include="DetallePedido.h">
      <Filter>Header Files</Filter>
    </ClInclude>
    <ClInclude Include="Transaccion.h">
      <Filter>Header Files</Filter>
    </ClInclude>
    <ClInclude Include="Envio.h">
      <Filter>Header Files</Filter>
    </ClInclude>
    <ClInclude Include="Pedido.h">
      <Filter>Header Files</Filter>
    </ClInclude>
    <ClInclude Include="CarritoCompras.h">
      <Filter>Header Files</Filter>
    </ClInclude>
    <ClInclude Include="Inventario.h">
      <Filter>Header Files</Filter>
    </ClInclude>
    <ClInclude Include="Cliente.h">
      <Filter>Header Files</Filter>
    </ClInclude>
    <ClInclude Include="Vendedor.h">
      <Filter>Header Files</Filter>
    </ClInclude>
    <ClInclude Include="Administrador.h">
      <Filter>Header Files</Filter>
    </ClInclude>
    <ClInclude Include="SistemaAmazon.h">
      <Filter>Header Files</Filter>
    </ClInclude>
    <ClInclude Include="Lista.hpp">
      <Filter>estructuras</Filter>
    </ClInclude>
    <ClInclude Include="ListaCircular.hpp">
      <Filter>estructuras</Filter>
    </ClInclude>
    <ClInclude Include="ListaDoble.hpp">
      <Filter>estructuras</Filter>
    </ClInclude>
    <ClInclude Include="Pila.hpp">
      <Filter>estructuras</Filter>
    </ClInclude>
    <ClInclude Include="Cola.hpp">
      <Filter>estructuras</Filter>
    </ClInclude>
    <ClInclude Include="SelectionSort.hpp">
      <Filter>ordenamiento</Filter>
    </ClInclude>
    <ClInclude Include="ShellSort.hpp">
      <Filter>ordenamiento</Filter>
    </ClInclude>
    <ClInclude Include="InsertionSort.hpp">
      <Filter>ordenamiento</Filter>
    </ClInclude>
    <ClInclude Include="Util.h">
      <Filter>util</Filter>
    </ClInclude>
  </ItemGroup>
  <ItemGroup>
    <ClCompile Include="ProyectoAmazon.cpp">
      <Filter>Source Files</Filter>
    </ClCompile>
    <ClCompile Include="AssemblyInfo.cpp">
      <Filter>Source Files</Filter>
    </ClCompile>
    <ClCompile Include="pch.cpp">
      <Filter>Source Files</Filter>
    </ClCompile>
    <ClCompile Include="Direccion.cpp">
      <Filter>Header Files</Filter>
    </ClCompile>
    <ClCompile Include="Usuario.cpp">
      <Filter>Header Files</Filter>
    </ClCompile>
    <ClCompile Include="Producto.cpp">
      <Filter>Header Files</Filter>
    </ClCompile>
    <ClCompile Include="Resena.cpp">
      <Filter>Header Files</Filter>
    </ClCompile>
    <ClCompile Include="Promocion.cpp">
      <Filter>Header Files</Filter>
    </ClCompile>
    <ClCompile Include="Categoria.cpp">
      <Filter>Header Files</Filter>
    </ClCompile>
    <ClCompile Include="DetallePedido.cpp">
      <Filter>Header Files</Filter>
    </ClCompile>
    <ClCompile Include="Transaccion.cpp">
      <Filter>Header Files</Filter>
    </ClCompile>
    <ClCompile Include="Envio.cpp">
      <Filter>Header Files</Filter>
    </ClCompile>
    <ClCompile Include="Pedido.cpp">
      <Filter>Header Files</Filter>
    </ClCompile>
    <ClCompile Include="CarritoCompras.cpp">
      <Filter>Header Files</Filter>
    </ClCompile>
    <ClCompile Include="Inventario.cpp">
      <Filter>Header Files</Filter>
    </ClCompile>
    <ClCompile Include="Cliente.cpp">
      <Filter>Header Files</Filter>
    </ClCompile>
    <ClCompile Include="Vendedor.cpp">
      <Filter>Header Files</Filter>
    </ClCompile>
    <ClCompile Include="Administrador.cpp">
      <Filter>Header Files</Filter>
    </ClCompile>
  </ItemGroup>
  <ItemGroup>
    <Image Include="app.ico">
      <Filter>Resource Files</Filter>
    </Image>
  </ItemGroup>
  <ItemGroup>
    <Text Include="productos.txt">
      <Filter>data</Filter>
    </Text>
    <Text Include="vendedores.txt">
      <Filter>data</Filter>
    </Text>
    <Text Include="clientes.txt">
      <Filter>data</Filter>
    </Text>
  </ItemGroup>
</Project>